
Microsoft Visual Studio Solution File, Format Version 12.00
# Visual Studio Version 17
VisualStudioVersion = 17.5.002.0
MinimumVisualStudioVersion = 10.0.40219.1
Project("{9A19103F-16F7-4668-BE54-9A1E7A4F7556}") = "TodoAPI", "TodoAPI\TodoAPI.csproj", "{C6AEEC2E-0D5E-49FD-A8BB-3E7DBE2437E1}"
EndProject
Global
	GlobalSection(SolutionConfigurationPlatforms) = preSolution
		Debug|Any CPU = Debug|Any CPU
		Release|Any CPU = Release|Any CPU
	EndGlobalSection
	GlobalSection(ProjectConfigurationPlatforms) = postSolution
		{C6AEEC2E-0D5E-49FD-A8BB-3E7DBE2437E1}.Debug|Any CPU.ActiveCfg = Debug|Any CPU
		{C6AEEC2E-0D5E-49FD-A8BB-3E7DBE2437E1}.Debug|Any CPU.Build.0 = Debug|Any CPU
		{C6AEEC2E-0D5E-49FD-A8BB-3E7DBE2437E1}.Release|Any CPU.ActiveCfg = Release|Any CPU
		{C6AEEC2E-0D5E-49FD-A8BB-3E7DBE2437E1}.Release|Any CPU.Build.0 = Release|Any CPU
	EndGlobalSection
	GlobalSection(SolutionProperties) = preSolution
		HideSolutionNode = FALSE
	EndGlobalSection
	GlobalSection(ExtensibilityGlobals) = postSolution
		SolutionGuid = {AEB16325-FE53-459D-8597-3F9FE451BAB3}
	EndGlobalSection
EndGlobal
